
Microsoft Visual Studio Solution File, Format Version 12.00
# Visual Studio Version 17
VisualStudioVersion = 17.3.32929.385
MinimumVisualStudioVersion = 10.0.40219.1
Project("{FAE04EC0-301F-11D3-BF4B-00C04F79EFBC}") = "Course", "Course\Course.csproj", "{30681C4A-323F-4C50-BBD5-60895E036DA3}"
EndProject
Global
	GlobalSection(SolutionConfigurationPlatforms) = preSolution
		Debug|Any CPU = Debug|Any CPU
		Release|Any CPU = Release|Any CPU
	EndGlobalSection
	GlobalSection(ProjectConfigurationPlatforms) = postSolution
		{30681C4A-323F-4C50-BBD5-60895E036DA3}.Debug|Any CPU.ActiveCfg = Debug|Any CPU
		{30681C4A-323F-4C50-BBD5-60895E036DA3}.Debug|Any CPU.Build.0 = Debug|Any CPU
		{30681C4A-323F-4C50-BBD5-60895E036DA3}.Release|Any CPU.ActiveCfg = Release|Any CPU
		{30681C4A-323F-4C50-BBD5-60895E036DA3}.Release|Any CPU.Build.0 = Release|Any CPU
	EndGlobalSection
	GlobalSection(SolutionProperties) = preSolution
		HideSolutionNode = FALSE
	EndGlobalSection
	GlobalSection(ExtensibilityGlobals) = postSolution
		SolutionGuid = {1A10DFEB-877F-4214-ADCE-87A63B153AB7}
	EndGlobalSection
EndGlobal
