
Microsoft Visual Studio Solution File, Format Version 12.00
# Visual Studio Version 17
VisualStudioVersion = 17.3.32929.385
MinimumVisualStudioVersion = 10.0.40219.1
Project("{FAE04EC0-301F-11D3-BF4B-00C04F79EFBC}") = "Course", "Course\Course.csproj", "{1E0EF2D4-8E4B-42AD-9FD2-8261610431CE}"
EndProject
Global
	GlobalSection(SolutionConfigurationPlatforms) = preSolution
		Debug|Any CPU = Debug|Any CPU
		Release|Any CPU = Release|Any CPU
	EndGlobalSection
	GlobalSection(ProjectConfigurationPlatforms) = postSolution
		{1E0EF2D4-8E4B-42AD-9FD2-8261610431CE}.Debug|Any CPU.ActiveCfg = Debug|Any CPU
		{1E0EF2D4-8E4B-42AD-9FD2-8261610431CE}.Debug|Any CPU.Build.0 = Debug|Any CPU
		{1E0EF2D4-8E4B-42AD-9FD2-8261610431CE}.Release|Any CPU.ActiveCfg = Release|Any CPU
		{1E0EF2D4-8E4B-42AD-9FD2-8261610431CE}.Release|Any CPU.Build.0 = Release|Any CPU
	EndGlobalSection
	GlobalSection(SolutionProperties) = preSolution
		HideSolutionNode = FALSE
	EndGlobalSection
	GlobalSection(ExtensibilityGlobals) = postSolution
		SolutionGuid = {2065B654-FD43-4891-8CDC-4DF96069DFD9}
	EndGlobalSection
EndGlobal
