
Microsoft Visual Studio Solution File, Format Version 12.00
# Visual Studio Version 17
VisualStudioVersion = 17.3.32929.385
MinimumVisualStudioVersion = 10.0.40219.1
Project("{FAE04EC0-301F-11D3-BF4B-00C04F79EFBC}") = "Course", "Course\Course.csproj", "{1C2326BB-9615-4F44-BECD-4E17649D3653}"
EndProject
Global
	GlobalSection(SolutionConfigurationPlatforms) = preSolution
		Debug|Any CPU = Debug|Any CPU
		Release|Any CPU = Release|Any CPU
	EndGlobalSection
	GlobalSection(ProjectConfigurationPlatforms) = postSolution
		{1C2326BB-9615-4F44-BECD-4E17649D3653}.Debug|Any CPU.ActiveCfg = Debug|Any CPU
		{1C2326BB-9615-4F44-BECD-4E17649D3653}.Debug|Any CPU.Build.0 = Debug|Any CPU
		{1C2326BB-9615-4F44-BECD-4E17649D3653}.Release|Any CPU.ActiveCfg = Release|Any CPU
		{1C2326BB-9615-4F44-BECD-4E17649D3653}.Release|Any CPU.Build.0 = Release|Any CPU
	EndGlobalSection
	GlobalSection(SolutionProperties) = preSolution
		HideSolutionNode = FALSE
	EndGlobalSection
	GlobalSection(ExtensibilityGlobals) = postSolution
		SolutionGuid = {1C248E04-832F-4819-B094-2CB64CB0BC93}
	EndGlobalSection
EndGlobal
