
Microsoft Visual Studio Solution File, Format Version 12.00
# Visual Studio Version 17
VisualStudioVersion = 17.3.32929.385
MinimumVisualStudioVersion = 10.0.40219.1
Project("{FAE04EC0-301F-11D3-BF4B-00C04F79EFBC}") = "Course", "Course\Course.csproj", "{C94EF3B1-D0F3-4DC2-B465-41ED124D3BFF}"
EndProject
Global
	GlobalSection(SolutionConfigurationPlatforms) = preSolution
		Debug|Any CPU = Debug|Any CPU
		Release|Any CPU = Release|Any CPU
	EndGlobalSection
	GlobalSection(ProjectConfigurationPlatforms) = postSolution
		{C94EF3B1-D0F3-4DC2-B465-41ED124D3BFF}.Debug|Any CPU.ActiveCfg = Debug|Any CPU
		{C94EF3B1-D0F3-4DC2-B465-41ED124D3BFF}.Debug|Any CPU.Build.0 = Debug|Any CPU
		{C94EF3B1-D0F3-4DC2-B465-41ED124D3BFF}.Release|Any CPU.ActiveCfg = Release|Any CPU
		{C94EF3B1-D0F3-4DC2-B465-41ED124D3BFF}.Release|Any CPU.Build.0 = Release|Any CPU
	EndGlobalSection
	GlobalSection(SolutionProperties) = preSolution
		HideSolutionNode = FALSE
	EndGlobalSection
	GlobalSection(ExtensibilityGlobals) = postSolution
		SolutionGuid = {C806496A-7EB0-4DA8-90DD-70D46FA29BFC}
	EndGlobalSection
EndGlobal
