
Microsoft Visual Studio Solution File, Format Version 12.00
# Visual Studio Version 17
VisualStudioVersion = 17.5.33502.453
MinimumVisualStudioVersion = 10.0.40219.1
Project("{FAE04EC0-301F-11D3-BF4B-00C04F79EFBC}") = "Course", "Course\Course.csproj", "{F6A6F73F-213F-41FA-B37F-F5483AAACABA}"
EndProject
Global
	GlobalSection(SolutionConfigurationPlatforms) = preSolution
		Debug|Any CPU = Debug|Any CPU
		Release|Any CPU = Release|Any CPU
	EndGlobalSection
	GlobalSection(ProjectConfigurationPlatforms) = postSolution
		{F6A6F73F-213F-41FA-B37F-F5483AAACABA}.Debug|Any CPU.ActiveCfg = Debug|Any CPU
		{F6A6F73F-213F-41FA-B37F-F5483AAACABA}.Debug|Any CPU.Build.0 = Debug|Any CPU
		{F6A6F73F-213F-41FA-B37F-F5483AAACABA}.Release|Any CPU.ActiveCfg = Release|Any CPU
		{F6A6F73F-213F-41FA-B37F-F5483AAACABA}.Release|Any CPU.Build.0 = Release|Any CPU
	EndGlobalSection
	GlobalSection(SolutionProperties) = preSolution
		HideSolutionNode = FALSE
	EndGlobalSection
	GlobalSection(ExtensibilityGlobals) = postSolution
		SolutionGuid = {EB9FB231-340B-477E-B8C4-8F6DDADEF732}
	EndGlobalSection
EndGlobal
