
Microsoft Visual Studio Solution File, Format Version 12.00
# Visual Studio Version 17
VisualStudioVersion = 17.3.32929.385
MinimumVisualStudioVersion = 10.0.40219.1
Project("{FAE04EC0-301F-11D3-BF4B-00C04F79EFBC}") = "Course", "Course\Course.csproj", "{F757225A-7116-4A27-9A7A-2FF1C7EEB535}"
EndProject
Global
	GlobalSection(SolutionConfigurationPlatforms) = preSolution
		Debug|Any CPU = Debug|Any CPU
		Release|Any CPU = Release|Any CPU
	EndGlobalSection
	GlobalSection(ProjectConfigurationPlatforms) = postSolution
		{F757225A-7116-4A27-9A7A-2FF1C7EEB535}.Debug|Any CPU.ActiveCfg = Debug|Any CPU
		{F757225A-7116-4A27-9A7A-2FF1C7EEB535}.Debug|Any CPU.Build.0 = Debug|Any CPU
		{F757225A-7116-4A27-9A7A-2FF1C7EEB535}.Release|Any CPU.ActiveCfg = Release|Any CPU
		{F757225A-7116-4A27-9A7A-2FF1C7EEB535}.Release|Any CPU.Build.0 = Release|Any CPU
	EndGlobalSection
	GlobalSection(SolutionProperties) = preSolution
		HideSolutionNode = FALSE
	EndGlobalSection
	GlobalSection(ExtensibilityGlobals) = postSolution
		SolutionGuid = {BD3F42A8-3D07-4977-899F-CF89D9DCAD4D}
	EndGlobalSection
EndGlobal
