
Microsoft Visual Studio Solution File, Format Version 12.00
# Visual Studio Version 17
VisualStudioVersion = 17.3.32929.385
MinimumVisualStudioVersion = 10.0.40219.1
Project("{FAE04EC0-301F-11D3-BF4B-00C04F79EFBC}") = "Course", "Course\Course.csproj", "{33E66AEC-B60D-4C4A-B79B-CEBCC2B5DC27}"
EndProject
Global
	GlobalSection(SolutionConfigurationPlatforms) = preSolution
		Debug|Any CPU = Debug|Any CPU
		Release|Any CPU = Release|Any CPU
	EndGlobalSection
	GlobalSection(ProjectConfigurationPlatforms) = postSolution
		{33E66AEC-B60D-4C4A-B79B-CEBCC2B5DC27}.Debug|Any CPU.ActiveCfg = Debug|Any CPU
		{33E66AEC-B60D-4C4A-B79B-CEBCC2B5DC27}.Debug|Any CPU.Build.0 = Debug|Any CPU
		{33E66AEC-B60D-4C4A-B79B-CEBCC2B5DC27}.Release|Any CPU.ActiveCfg = Release|Any CPU
		{33E66AEC-B60D-4C4A-B79B-CEBCC2B5DC27}.Release|Any CPU.Build.0 = Release|Any CPU
	EndGlobalSection
	GlobalSection(SolutionProperties) = preSolution
		HideSolutionNode = FALSE
	EndGlobalSection
	GlobalSection(ExtensibilityGlobals) = postSolution
		SolutionGuid = {3A2042EA-25BD-4134-8A17-35A2C4AE7B28}
	EndGlobalSection
EndGlobal
