
Microsoft Visual Studio Solution File, Format Version 12.00
# Visual Studio Version 17
VisualStudioVersion = 17.3.32929.385
MinimumVisualStudioVersion = 10.0.40219.1
Project("{FAE04EC0-301F-11D3-BF4B-00C04F79EFBC}") = "Course", "Course\Course.csproj", "{F734ABD9-A8DA-432D-A929-E4C0A82074A6}"
EndProject
Global
	GlobalSection(SolutionConfigurationPlatforms) = preSolution
		Debug|Any CPU = Debug|Any CPU
		Release|Any CPU = Release|Any CPU
	EndGlobalSection
	GlobalSection(ProjectConfigurationPlatforms) = postSolution
		{F734ABD9-A8DA-432D-A929-E4C0A82074A6}.Debug|Any CPU.ActiveCfg = Debug|Any CPU
		{F734ABD9-A8DA-432D-A929-E4C0A82074A6}.Debug|Any CPU.Build.0 = Debug|Any CPU
		{F734ABD9-A8DA-432D-A929-E4C0A82074A6}.Release|Any CPU.ActiveCfg = Release|Any CPU
		{F734ABD9-A8DA-432D-A929-E4C0A82074A6}.Release|Any CPU.Build.0 = Release|Any CPU
	EndGlobalSection
	GlobalSection(SolutionProperties) = preSolution
		HideSolutionNode = FALSE
	EndGlobalSection
	GlobalSection(ExtensibilityGlobals) = postSolution
		SolutionGuid = {EB24CBC9-80C9-4918-B214-B0D29B1B8422}
	EndGlobalSection
EndGlobal
