
Microsoft Visual Studio Solution File, Format Version 12.00
# Visual Studio Version 17
VisualStudioVersion = 17.3.32929.385
MinimumVisualStudioVersion = 10.0.40219.1
Project("{FAE04EC0-301F-11D3-BF4B-00C04F79EFBC}") = "1-OlaMundo", "1-OlaMundo\1-OlaMundo.csproj", "{79307CF9-303B-4039-BCD4-BC35666C801E}"
EndProject
Project("{FAE04EC0-301F-11D3-BF4B-00C04F79EFBC}") = "2-CriandoVariaveis", "2-CriandoVariaveis\2-CriandoVariaveis.csproj", "{DCD73900-A81A-4E00-9175-130CF67BB9FB}"
EndProject
Project("{FAE04EC0-301F-11D3-BF4B-00C04F79EFBC}") = "3-CriandoVariaveisPontoFlutuante", "3-CriandoVariaveisPontoFlutuante\3-CriandoVariaveisPontoFlutuante.csproj", "{31F017D4-177A-45D8-8CF1-62B408016A39}"
EndProject
Project("{FAE04EC0-301F-11D3-BF4B-00C04F79EFBC}") = "4-ConversoesEOutrosTipos", "4-ConversoesEOutrosTipos\4-ConversoesEOutrosTipos.csproj", "{BB2584F9-335A-4BA2-8EB1-3261B0845727}"
EndProject
Global
	GlobalSection(SolutionConfigurationPlatforms) = preSolution
		Debug|Any CPU = Debug|Any CPU
		Release|Any CPU = Release|Any CPU
	EndGlobalSection
	GlobalSection(ProjectConfigurationPlatforms) = postSolution
		{79307CF9-303B-4039-BCD4-BC35666C801E}.Debug|Any CPU.ActiveCfg = Debug|Any CPU
		{79307CF9-303B-4039-BCD4-BC35666C801E}.Debug|Any CPU.Build.0 = Debug|Any CPU
		{79307CF9-303B-4039-BCD4-BC35666C801E}.Release|Any CPU.ActiveCfg = Release|Any CPU
		{79307CF9-303B-4039-BCD4-BC35666C801E}.Release|Any CPU.Build.0 = Release|Any CPU
		{DCD73900-A81A-4E00-9175-130CF67BB9FB}.Debug|Any CPU.ActiveCfg = Debug|Any CPU
		{DCD73900-A81A-4E00-9175-130CF67BB9FB}.Debug|Any CPU.Build.0 = Debug|Any CPU
		{DCD73900-A81A-4E00-9175-130CF67BB9FB}.Release|Any CPU.ActiveCfg = Release|Any CPU
		{DCD73900-A81A-4E00-9175-130CF67BB9FB}.Release|Any CPU.Build.0 = Release|Any CPU
		{31F017D4-177A-45D8-8CF1-62B408016A39}.Debug|Any CPU.ActiveCfg = Debug|Any CPU
		{31F017D4-177A-45D8-8CF1-62B408016A39}.Debug|Any CPU.Build.0 = Debug|Any CPU
		{31F017D4-177A-45D8-8CF1-62B408016A39}.Release|Any CPU.ActiveCfg = Release|Any CPU
		{31F017D4-177A-45D8-8CF1-62B408016A39}.Release|Any CPU.Build.0 = Release|Any CPU
		{BB2584F9-335A-4BA2-8EB1-3261B0845727}.Debug|Any CPU.ActiveCfg = Debug|Any CPU
		{BB2584F9-335A-4BA2-8EB1-3261B0845727}.Debug|Any CPU.Build.0 = Debug|Any CPU
		{BB2584F9-335A-4BA2-8EB1-3261B0845727}.Release|Any CPU.ActiveCfg = Release|Any CPU
		{BB2584F9-335A-4BA2-8EB1-3261B0845727}.Release|Any CPU.Build.0 = Release|Any CPU
	EndGlobalSection
	GlobalSection(SolutionProperties) = preSolution
		HideSolutionNode = FALSE
	EndGlobalSection
	GlobalSection(ExtensibilityGlobals) = postSolution
		SolutionGuid = {A60CCAED-69CF-4D35-91C8-A1B262E6798A}
	EndGlobalSection
EndGlobal
