
Microsoft Visual Studio Solution File, Format Version 12.00
# Visual Studio Version 17
VisualStudioVersion = 17.3.32929.385
MinimumVisualStudioVersion = 10.0.40219.1
Project("{FAE04EC0-301F-11D3-BF4B-00C04F79EFBC}") = "Couse", "Couse\Couse.csproj", "{9B8A800E-85FB-43E3-8B43-A7620601F6C0}"
EndProject
Global
	GlobalSection(SolutionConfigurationPlatforms) = preSolution
		Debug|Any CPU = Debug|Any CPU
		Release|Any CPU = Release|Any CPU
	EndGlobalSection
	GlobalSection(ProjectConfigurationPlatforms) = postSolution
		{9B8A800E-85FB-43E3-8B43-A7620601F6C0}.Debug|Any CPU.ActiveCfg = Debug|Any CPU
		{9B8A800E-85FB-43E3-8B43-A7620601F6C0}.Debug|Any CPU.Build.0 = Debug|Any CPU
		{9B8A800E-85FB-43E3-8B43-A7620601F6C0}.Release|Any CPU.ActiveCfg = Release|Any CPU
		{9B8A800E-85FB-43E3-8B43-A7620601F6C0}.Release|Any CPU.Build.0 = Release|Any CPU
	EndGlobalSection
	GlobalSection(SolutionProperties) = preSolution
		HideSolutionNode = FALSE
	EndGlobalSection
	GlobalSection(ExtensibilityGlobals) = postSolution
		SolutionGuid = {E5701B76-165A-469F-B05F-FCAB4B064AF1}
	EndGlobalSection
EndGlobal
